
Microsoft Visual Studio Solution File, Format Version 12.00
# Visual Studio 15
VisualStudioVersion = 15.0.28307.572
MinimumVisualStudioVersion = 10.0.40219.1
Project("{FAE04EC0-301F-11D3-BF4B-00C04F79EFBC}") = "RichTextEditor", "src\RichTextEditor\RichTextEditor.csproj", "{96CBC341-166D-4479-9248-7A33FFB3F45E}"
EndProject
Global
	GlobalSection(SolutionConfigurationPlatforms) = preSolution
		Debug|Any CPU = Debug|Any CPU
		Release|Any CPU = Release|Any CPU
	EndGlobalSection
	GlobalSection(ProjectConfigurationPlatforms) = postSolution
		{96CBC341-166D-4479-9248-7A33FFB3F45E}.Debug|Any CPU.ActiveCfg = Debug|Any CPU
		{96CBC341-166D-4479-9248-7A33FFB3F45E}.Debug|Any CPU.Build.0 = Debug|Any CPU
		{96CBC341-166D-4479-9248-7A33FFB3F45E}.Release|Any CPU.ActiveCfg = Release|Any CPU
		{96CBC341-166D-4479-9248-7A33FFB3F45E}.Release|Any CPU.Build.0 = Release|Any CPU
	EndGlobalSection
	GlobalSection(SolutionProperties) = preSolution
		HideSolutionNode = FALSE
	EndGlobalSection
	GlobalSection(ExtensibilityGlobals) = postSolution
		SolutionGuid = {9FE8039B-08EF-422A-918B-1630E8243AC4}
	EndGlobalSection
	GlobalSection(TeamFoundationVersionControl) = preSolution
		SccNumberOfProjects = 2
		SccEnterpriseProvider = {4CA58AB2-18FA-4F8D-95D4-32DDF27D184C}
		SccTeamFoundationServer = https://tfsb.abb.com/tfs/psn_nm
		SccLocalPath0 = .
		SccProjectUniqueName1 = RichTextEditor\\RichTextEditor.csproj
		SccProjectName1 = RichTextEditor
		SccLocalPath1 = RichTextEditor
	EndGlobalSection
EndGlobal
